
Microsoft Visual Studio Solution File, Format Version 12.00
# Visual Studio Version 17
VisualStudioVersion = 17.4.33110.190
MinimumVisualStudioVersion = 10.0.40219.1
Project("{9A19103F-16F7-4668-BE54-9A1E7A4F7556}") = "ThirdEye.Back", "ThirdEye.Back\ThirdEye.Back.csproj", "{3493F0FF-7D78-493B-9BAB-36852CF04DD8}"
EndProject
Project("{FAE04EC0-301F-11D3-BF4B-00C04F79EFBC}") = "ThirdEye.IoT_Simulation", "ThirdEye.IoT_Simulation\ThirdEye.IoT_Simulation.csproj", "{DF7F9BFF-C59A-43C8-A4B5-8BDE5CB412EF}"
EndProject
Global
	GlobalSection(SolutionConfigurationPlatforms) = preSolution
		Debug|Any CPU = Debug|Any CPU
		Release|Any CPU = Release|Any CPU
	EndGlobalSection
	GlobalSection(ProjectConfigurationPlatforms) = postSolution
		{3493F0FF-7D78-493B-9BAB-36852CF04DD8}.Debug|Any CPU.ActiveCfg = Debug|Any CPU
		{3493F0FF-7D78-493B-9BAB-36852CF04DD8}.Debug|Any CPU.Build.0 = Debug|Any CPU
		{3493F0FF-7D78-493B-9BAB-36852CF04DD8}.Release|Any CPU.ActiveCfg = Release|Any CPU
		{3493F0FF-7D78-493B-9BAB-36852CF04DD8}.Release|Any CPU.Build.0 = Release|Any CPU
		{DF7F9BFF-C59A-43C8-A4B5-8BDE5CB412EF}.Debug|Any CPU.ActiveCfg = Debug|Any CPU
		{DF7F9BFF-C59A-43C8-A4B5-8BDE5CB412EF}.Debug|Any CPU.Build.0 = Debug|Any CPU
		{DF7F9BFF-C59A-43C8-A4B5-8BDE5CB412EF}.Release|Any CPU.ActiveCfg = Release|Any CPU
		{DF7F9BFF-C59A-43C8-A4B5-8BDE5CB412EF}.Release|Any CPU.Build.0 = Release|Any CPU
	EndGlobalSection
	GlobalSection(SolutionProperties) = preSolution
		HideSolutionNode = FALSE
	EndGlobalSection
	GlobalSection(ExtensibilityGlobals) = postSolution
		SolutionGuid = {C59A01B7-B8FD-4A69-9E87-574CDFC66B4C}
	EndGlobalSection
EndGlobal
